{
  "name": "Gazette-Project-main",
  "version": "1.0.0",
  "lockfileVersion": 3,
  "requires": true,
  "packages": {
    "": {
      "dependencies": {
        "leaflet-extra-markers": "^1.2.1"
      }
    },
    "node_modules/leaflet": {
      "version": "1.7.1",
      "resolved": "https://registry.npmjs.org/leaflet/-/leaflet-1.7.1.tgz",
      "integrity": "sha512-/xwPEBidtg69Q3HlqPdU3DnrXQOvQU/CCHA1tcDQVzOwm91YMYaILjNp7L4Eaw5Z4sOYdbBz6koWyibppd8Zqw==",
      "peer": true
    },
    "node_modules/leaflet-extra-markers": {
      "version": "1.2.1",
      "resolved": "https://registry.npmjs.org/leaflet-extra-markers/-/leaflet-extra-markers-1.2.1.tgz",
      "integrity": "sha512-k3mGGBJg5wr4LY89MyLHcWCol3yNC9qcK1+5os+HjBk09RlxmqsywNSBwmpP1WKnkKCIgofnOFOhdM5GeK0kHQ==",
      "peerDependencies": {
        "leaflet": ">= 0.5 < 2"
      }
    }
  }
}
